
Microsoft Visual Studio Solution File, Format Version 12.00
# Visual Studio Version 17
VisualStudioVersion = 17.8.34511.84
MinimumVisualStudioVersion = 10.0.40219.1
Project("{FAE04EC0-301F-11D3-BF4B-00C04F79EFBC}") = "Cruise_Line", "Cruise_Line\Cruise_Line.csproj", "{B73747BF-56E3-4BAA-A631-F59CE7B2C7CC}"
EndProject
Global
	GlobalSection(SolutionConfigurationPlatforms) = preSolution
		Debug|Any CPU = Debug|Any CPU
		Release|Any CPU = Release|Any CPU
	EndGlobalSection
	GlobalSection(ProjectConfigurationPlatforms) = postSolution
		{B73747BF-56E3-4BAA-A631-F59CE7B2C7CC}.Debug|Any CPU.ActiveCfg = Debug|Any CPU
		{B73747BF-56E3-4BAA-A631-F59CE7B2C7CC}.Debug|Any CPU.Build.0 = Debug|Any CPU
		{B73747BF-56E3-4BAA-A631-F59CE7B2C7CC}.Release|Any CPU.ActiveCfg = Release|Any CPU
		{B73747BF-56E3-4BAA-A631-F59CE7B2C7CC}.Release|Any CPU.Build.0 = Release|Any CPU
	EndGlobalSection
	GlobalSection(SolutionProperties) = preSolution
		HideSolutionNode = FALSE
	EndGlobalSection
	GlobalSection(ExtensibilityGlobals) = postSolution
		SolutionGuid = {BAE30751-0264-4A82-BCE6-A8AC69E7DD59}
	EndGlobalSection
EndGlobal
